# This file was autogenerated by Stack.
# You should not edit this file by hand.
# For more information, please see the documentation at:
#   https://docs.haskellstack.org/en/stable/lock_files

packages: []
snapshots:
- completed:
    sha256: f4590f61bc29efee2b9fc3cfc9b6ad742df8b360974f289dfa4843bf6dc4caa3
    size: 644768
    url: https://raw.githubusercontent.com/commercialhaskell/stackage-snapshots/master/nightly/2024/6/2.yaml
  original: nightly-2024-06-02
